
Microsoft Visual Studio Solution File, Format Version 12.00
# Visual Studio Version 17
VisualStudioVersion = 17.7.34024.191
MinimumVisualStudioVersion = 10.0.40219.1
Project("{FAE04EC0-301F-11D3-BF4B-00C04F79EFBC}") = "ChatServer", "ChatServer\ChatServer.csproj", "{0EB62F15-0F62-4EE7-B007-0F4F14E1D9AB}"
EndProject
Project("{FAE04EC0-301F-11D3-BF4B-00C04F79EFBC}") = "ChatClient", "ChatClient\ChatClient.csproj", "{0BF72945-4D4B-4751-A968-C61596488C41}"
EndProject
Global
	GlobalSection(SolutionConfigurationPlatforms) = preSolution
		Debug|Any CPU = Debug|Any CPU
		Release|Any CPU = Release|Any CPU
	EndGlobalSection
	GlobalSection(ProjectConfigurationPlatforms) = postSolution
		{0EB62F15-0F62-4EE7-B007-0F4F14E1D9AB}.Debug|Any CPU.ActiveCfg = Debug|Any CPU
		{0EB62F15-0F62-4EE7-B007-0F4F14E1D9AB}.Debug|Any CPU.Build.0 = Debug|Any CPU
		{0EB62F15-0F62-4EE7-B007-0F4F14E1D9AB}.Release|Any CPU.ActiveCfg = Release|Any CPU
		{0EB62F15-0F62-4EE7-B007-0F4F14E1D9AB}.Release|Any CPU.Build.0 = Release|Any CPU
		{0BF72945-4D4B-4751-A968-C61596488C41}.Debug|Any CPU.ActiveCfg = Debug|Any CPU
		{0BF72945-4D4B-4751-A968-C61596488C41}.Debug|Any CPU.Build.0 = Debug|Any CPU
		{0BF72945-4D4B-4751-A968-C61596488C41}.Release|Any CPU.ActiveCfg = Release|Any CPU
		{0BF72945-4D4B-4751-A968-C61596488C41}.Release|Any CPU.Build.0 = Release|Any CPU
	EndGlobalSection
	GlobalSection(SolutionProperties) = preSolution
		HideSolutionNode = FALSE
	EndGlobalSection
	GlobalSection(ExtensibilityGlobals) = postSolution
		SolutionGuid = {430C253F-F38F-48F9-A4DC-9A5F0E746296}
	EndGlobalSection
EndGlobal
